
Microsoft Visual Studio Solution File, Format Version 12.00
# Visual Studio Version 17
VisualStudioVersion = 17.5.33516.290
MinimumVisualStudioVersion = 10.0.40219.1
Project("{FAE04EC0-301F-11D3-BF4B-00C04F79EFBC}") = "Sort012", "Sort012\Sort012.csproj", "{3DDB3D9B-6F08-4412-89F1-CB5BCF836F03}"
EndProject
Global
	GlobalSection(SolutionConfigurationPlatforms) = preSolution
		Debug|Any CPU = Debug|Any CPU
		Release|Any CPU = Release|Any CPU
	EndGlobalSection
	GlobalSection(ProjectConfigurationPlatforms) = postSolution
		{3DDB3D9B-6F08-4412-89F1-CB5BCF836F03}.Debug|Any CPU.ActiveCfg = Debug|Any CPU
		{3DDB3D9B-6F08-4412-89F1-CB5BCF836F03}.Debug|Any CPU.Build.0 = Debug|Any CPU
		{3DDB3D9B-6F08-4412-89F1-CB5BCF836F03}.Release|Any CPU.ActiveCfg = Release|Any CPU
		{3DDB3D9B-6F08-4412-89F1-CB5BCF836F03}.Release|Any CPU.Build.0 = Release|Any CPU
	EndGlobalSection
	GlobalSection(SolutionProperties) = preSolution
		HideSolutionNode = FALSE
	EndGlobalSection
	GlobalSection(ExtensibilityGlobals) = postSolution
		SolutionGuid = {E5188986-D843-4C3B-8FF2-8CF11122640A}
	EndGlobalSection
EndGlobal
